
Microsoft Visual Studio Solution File, Format Version 12.00
# Visual Studio Version 17
VisualStudioVersion = 17.0.32112.339
MinimumVisualStudioVersion = 10.0.40219.1
Project("{FAE04EC0-301F-11D3-BF4B-00C04F79EFBC}") = "FactorialFactorPrime", "FactorialFactorPrime\FactorialFactorPrime.csproj", "{D610EF00-7A26-4251-8A1E-FDB932A6A7C7}"
EndProject
Global
	GlobalSection(SolutionConfigurationPlatforms) = preSolution
		Debug|Any CPU = Debug|Any CPU
		Release|Any CPU = Release|Any CPU
	EndGlobalSection
	GlobalSection(ProjectConfigurationPlatforms) = postSolution
		{D610EF00-7A26-4251-8A1E-FDB932A6A7C7}.Debug|Any CPU.ActiveCfg = Debug|Any CPU
		{D610EF00-7A26-4251-8A1E-FDB932A6A7C7}.Debug|Any CPU.Build.0 = Debug|Any CPU
		{D610EF00-7A26-4251-8A1E-FDB932A6A7C7}.Release|Any CPU.ActiveCfg = Release|Any CPU
		{D610EF00-7A26-4251-8A1E-FDB932A6A7C7}.Release|Any CPU.Build.0 = Release|Any CPU
	EndGlobalSection
	GlobalSection(SolutionProperties) = preSolution
		HideSolutionNode = FALSE
	EndGlobalSection
	GlobalSection(ExtensibilityGlobals) = postSolution
		SolutionGuid = {57E74358-57F5-48DD-8EBD-2FD725CAB50F}
	EndGlobalSection
EndGlobal
