
Microsoft Visual Studio Solution File, Format Version 12.00
# Visual Studio Version 17
VisualStudioVersion = 17.0.32112.339
MinimumVisualStudioVersion = 10.0.40219.1
Project("{FAE04EC0-301F-11D3-BF4B-00C04F79EFBC}") = "ClassCreationwithVarMethod", "ClassCreationwithVarMethod\ClassCreationwithVarMethod.csproj", "{AB88DBEA-C290-4DCF-B75D-668DB1D197EA}"
EndProject
Global
	GlobalSection(SolutionConfigurationPlatforms) = preSolution
		Debug|Any CPU = Debug|Any CPU
		Release|Any CPU = Release|Any CPU
	EndGlobalSection
	GlobalSection(ProjectConfigurationPlatforms) = postSolution
		{AB88DBEA-C290-4DCF-B75D-668DB1D197EA}.Debug|Any CPU.ActiveCfg = Debug|Any CPU
		{AB88DBEA-C290-4DCF-B75D-668DB1D197EA}.Debug|Any CPU.Build.0 = Debug|Any CPU
		{AB88DBEA-C290-4DCF-B75D-668DB1D197EA}.Release|Any CPU.ActiveCfg = Release|Any CPU
		{AB88DBEA-C290-4DCF-B75D-668DB1D197EA}.Release|Any CPU.Build.0 = Release|Any CPU
	EndGlobalSection
	GlobalSection(SolutionProperties) = preSolution
		HideSolutionNode = FALSE
	EndGlobalSection
	GlobalSection(ExtensibilityGlobals) = postSolution
		SolutionGuid = {24BF81EE-9CB4-40D1-8D54-441D44BD2FA7}
	EndGlobalSection
EndGlobal
