
Microsoft Visual Studio Solution File, Format Version 12.00
# Visual Studio Version 17
VisualStudioVersion = 17.0.32112.339
MinimumVisualStudioVersion = 10.0.40219.1
Project("{FAE04EC0-301F-11D3-BF4B-00C04F79EFBC}") = "SumusingArrayList", "SumusingArrayList\SumusingArrayList.csproj", "{5F9622A1-0E1C-4DBC-BB69-C456CD4498F7}"
EndProject
Global
	GlobalSection(SolutionConfigurationPlatforms) = preSolution
		Debug|Any CPU = Debug|Any CPU
		Release|Any CPU = Release|Any CPU
	EndGlobalSection
	GlobalSection(ProjectConfigurationPlatforms) = postSolution
		{5F9622A1-0E1C-4DBC-BB69-C456CD4498F7}.Debug|Any CPU.ActiveCfg = Debug|Any CPU
		{5F9622A1-0E1C-4DBC-BB69-C456CD4498F7}.Debug|Any CPU.Build.0 = Debug|Any CPU
		{5F9622A1-0E1C-4DBC-BB69-C456CD4498F7}.Release|Any CPU.ActiveCfg = Release|Any CPU
		{5F9622A1-0E1C-4DBC-BB69-C456CD4498F7}.Release|Any CPU.Build.0 = Release|Any CPU
	EndGlobalSection
	GlobalSection(SolutionProperties) = preSolution
		HideSolutionNode = FALSE
	EndGlobalSection
	GlobalSection(ExtensibilityGlobals) = postSolution
		SolutionGuid = {172E915D-2046-421E-AD02-F86AF8B93F0D}
	EndGlobalSection
EndGlobal
