
Microsoft Visual Studio Solution File, Format Version 12.00
# Visual Studio Version 17
VisualStudioVersion = 17.0.32112.339
MinimumVisualStudioVersion = 10.0.40219.1
Project("{FAE04EC0-301F-11D3-BF4B-00C04F79EFBC}") = "BubbleSortusingArray", "BubbleSortusingArray\BubbleSortusingArray.csproj", "{E67D42C0-0165-4DB4-97FF-F4718B988D06}"
EndProject
Global
	GlobalSection(SolutionConfigurationPlatforms) = preSolution
		Debug|Any CPU = Debug|Any CPU
		Release|Any CPU = Release|Any CPU
	EndGlobalSection
	GlobalSection(ProjectConfigurationPlatforms) = postSolution
		{E67D42C0-0165-4DB4-97FF-F4718B988D06}.Debug|Any CPU.ActiveCfg = Debug|Any CPU
		{E67D42C0-0165-4DB4-97FF-F4718B988D06}.Debug|Any CPU.Build.0 = Debug|Any CPU
		{E67D42C0-0165-4DB4-97FF-F4718B988D06}.Release|Any CPU.ActiveCfg = Release|Any CPU
		{E67D42C0-0165-4DB4-97FF-F4718B988D06}.Release|Any CPU.Build.0 = Release|Any CPU
	EndGlobalSection
	GlobalSection(SolutionProperties) = preSolution
		HideSolutionNode = FALSE
	EndGlobalSection
	GlobalSection(ExtensibilityGlobals) = postSolution
		SolutionGuid = {8DD53313-A07F-4B8D-95FD-9062A80E4F08}
	EndGlobalSection
EndGlobal
