
Microsoft Visual Studio Solution File, Format Version 12.00
# Visual Studio Version 17
VisualStudioVersion = 17.0.32112.339
MinimumVisualStudioVersion = 10.0.40219.1
Project("{FAE04EC0-301F-11D3-BF4B-00C04F79EFBC}") = "Adding2Numbers", "Adding2Numbers\Adding2Numbers.csproj", "{9505A15C-7ABD-4851-8C18-8F399DDA3FDF}"
EndProject
Global
	GlobalSection(SolutionConfigurationPlatforms) = preSolution
		Debug|Any CPU = Debug|Any CPU
		Release|Any CPU = Release|Any CPU
	EndGlobalSection
	GlobalSection(ProjectConfigurationPlatforms) = postSolution
		{9505A15C-7ABD-4851-8C18-8F399DDA3FDF}.Debug|Any CPU.ActiveCfg = Debug|Any CPU
		{9505A15C-7ABD-4851-8C18-8F399DDA3FDF}.Debug|Any CPU.Build.0 = Debug|Any CPU
		{9505A15C-7ABD-4851-8C18-8F399DDA3FDF}.Release|Any CPU.ActiveCfg = Release|Any CPU
		{9505A15C-7ABD-4851-8C18-8F399DDA3FDF}.Release|Any CPU.Build.0 = Release|Any CPU
	EndGlobalSection
	GlobalSection(SolutionProperties) = preSolution
		HideSolutionNode = FALSE
	EndGlobalSection
	GlobalSection(ExtensibilityGlobals) = postSolution
		SolutionGuid = {E70B0694-D90F-4BAF-8AE6-92EED7D7057B}
	EndGlobalSection
EndGlobal
