
Microsoft Visual Studio Solution File, Format Version 12.00
# Visual Studio Version 17
VisualStudioVersion = 17.0.32112.339
MinimumVisualStudioVersion = 10.0.40219.1
Project("{FAE04EC0-301F-11D3-BF4B-00C04F79EFBC}") = "Day7Project1", "Day7Project1\Day7Project1.csproj", "{BB0B3C6E-EE56-434B-8ADD-343E48826610}"
EndProject
Global
	GlobalSection(SolutionConfigurationPlatforms) = preSolution
		Debug|Any CPU = Debug|Any CPU
		Release|Any CPU = Release|Any CPU
	EndGlobalSection
	GlobalSection(ProjectConfigurationPlatforms) = postSolution
		{BB0B3C6E-EE56-434B-8ADD-343E48826610}.Debug|Any CPU.ActiveCfg = Debug|Any CPU
		{BB0B3C6E-EE56-434B-8ADD-343E48826610}.Debug|Any CPU.Build.0 = Debug|Any CPU
		{BB0B3C6E-EE56-434B-8ADD-343E48826610}.Release|Any CPU.ActiveCfg = Release|Any CPU
		{BB0B3C6E-EE56-434B-8ADD-343E48826610}.Release|Any CPU.Build.0 = Release|Any CPU
	EndGlobalSection
	GlobalSection(SolutionProperties) = preSolution
		HideSolutionNode = FALSE
	EndGlobalSection
	GlobalSection(ExtensibilityGlobals) = postSolution
		SolutionGuid = {431C17C6-D882-4DA3-BDF9-FE5D6FE452AB}
	EndGlobalSection
EndGlobal
