
Microsoft Visual Studio Solution File, Format Version 12.00
# Visual Studio Version 17
VisualStudioVersion = 17.0.32112.339
MinimumVisualStudioVersion = 10.0.40219.1
Project("{FAE04EC0-301F-11D3-BF4B-00C04F79EFBC}") = "Program20", "Program20\Program20.csproj", "{7AB5B90A-79C2-4880-A232-67E55B876857}"
EndProject
Global
	GlobalSection(SolutionConfigurationPlatforms) = preSolution
		Debug|Any CPU = Debug|Any CPU
		Release|Any CPU = Release|Any CPU
	EndGlobalSection
	GlobalSection(ProjectConfigurationPlatforms) = postSolution
		{7AB5B90A-79C2-4880-A232-67E55B876857}.Debug|Any CPU.ActiveCfg = Debug|Any CPU
		{7AB5B90A-79C2-4880-A232-67E55B876857}.Debug|Any CPU.Build.0 = Debug|Any CPU
		{7AB5B90A-79C2-4880-A232-67E55B876857}.Release|Any CPU.ActiveCfg = Release|Any CPU
		{7AB5B90A-79C2-4880-A232-67E55B876857}.Release|Any CPU.Build.0 = Release|Any CPU
	EndGlobalSection
	GlobalSection(SolutionProperties) = preSolution
		HideSolutionNode = FALSE
	EndGlobalSection
	GlobalSection(ExtensibilityGlobals) = postSolution
		SolutionGuid = {9D7986BD-66CD-4E97-8BC8-5AAF7918888A}
	EndGlobalSection
EndGlobal
