
Microsoft Visual Studio Solution File, Format Version 12.00
# Visual Studio Version 17
VisualStudioVersion = 17.0.32112.339
MinimumVisualStudioVersion = 10.0.40219.1
Project("{FAE04EC0-301F-11D3-BF4B-00C04F79EFBC}") = "QuizByVarun", "QuizByVarun\QuizByVarun.csproj", "{E35E3BD1-D615-49DF-9431-82A7FA05EF8C}"
EndProject
Global
	GlobalSection(SolutionConfigurationPlatforms) = preSolution
		Debug|Any CPU = Debug|Any CPU
		Release|Any CPU = Release|Any CPU
	EndGlobalSection
	GlobalSection(ProjectConfigurationPlatforms) = postSolution
		{E35E3BD1-D615-49DF-9431-82A7FA05EF8C}.Debug|Any CPU.ActiveCfg = Debug|Any CPU
		{E35E3BD1-D615-49DF-9431-82A7FA05EF8C}.Debug|Any CPU.Build.0 = Debug|Any CPU
		{E35E3BD1-D615-49DF-9431-82A7FA05EF8C}.Release|Any CPU.ActiveCfg = Release|Any CPU
		{E35E3BD1-D615-49DF-9431-82A7FA05EF8C}.Release|Any CPU.Build.0 = Release|Any CPU
	EndGlobalSection
	GlobalSection(SolutionProperties) = preSolution
		HideSolutionNode = FALSE
	EndGlobalSection
	GlobalSection(ExtensibilityGlobals) = postSolution
		SolutionGuid = {BB599C6E-B253-4595-854F-C153F234F0F2}
	EndGlobalSection
EndGlobal
