
Microsoft Visual Studio Solution File, Format Version 12.00
# Visual Studio Version 17
VisualStudioVersion = 17.0.32112.339
MinimumVisualStudioVersion = 10.0.40219.1
Project("{FAE04EC0-301F-11D3-BF4B-00C04F79EFBC}") = "IshapeusingInterface", "IshapeusingInterface\IshapeusingInterface.csproj", "{7BEBB220-A0DA-44DA-9CEE-04DF2AA6B5A6}"
EndProject
Global
	GlobalSection(SolutionConfigurationPlatforms) = preSolution
		Debug|Any CPU = Debug|Any CPU
		Release|Any CPU = Release|Any CPU
	EndGlobalSection
	GlobalSection(ProjectConfigurationPlatforms) = postSolution
		{7BEBB220-A0DA-44DA-9CEE-04DF2AA6B5A6}.Debug|Any CPU.ActiveCfg = Debug|Any CPU
		{7BEBB220-A0DA-44DA-9CEE-04DF2AA6B5A6}.Debug|Any CPU.Build.0 = Debug|Any CPU
		{7BEBB220-A0DA-44DA-9CEE-04DF2AA6B5A6}.Release|Any CPU.ActiveCfg = Release|Any CPU
		{7BEBB220-A0DA-44DA-9CEE-04DF2AA6B5A6}.Release|Any CPU.Build.0 = Release|Any CPU
	EndGlobalSection
	GlobalSection(SolutionProperties) = preSolution
		HideSolutionNode = FALSE
	EndGlobalSection
	GlobalSection(ExtensibilityGlobals) = postSolution
		SolutionGuid = {075B5D3A-B62E-4280-8818-EB730FB1D153}
	EndGlobalSection
EndGlobal
